
Microsoft Visual Studio Solution File, Format Version 12.00
# Visual Studio Version 17
VisualStudioVersion = 17.4.33403.182
MinimumVisualStudioVersion = 10.0.40219.1
Project("{FAE04EC0-301F-11D3-BF4B-00C04F79EFBC}") = "JwtTest", "JwtTest\JwtTest.csproj", "{6CCA816B-1AD2-449F-80BD-FA3352EBAF5A}"
EndProject
Global
	GlobalSection(SolutionConfigurationPlatforms) = preSolution
		Debug|Any CPU = Debug|Any CPU
		Release|Any CPU = Release|Any CPU
	EndGlobalSection
	GlobalSection(ProjectConfigurationPlatforms) = postSolution
		{6CCA816B-1AD2-449F-80BD-FA3352EBAF5A}.Debug|Any CPU.ActiveCfg = Debug|Any CPU
		{6CCA816B-1AD2-449F-80BD-FA3352EBAF5A}.Debug|Any CPU.Build.0 = Debug|Any CPU
		{6CCA816B-1AD2-449F-80BD-FA3352EBAF5A}.Release|Any CPU.ActiveCfg = Release|Any CPU
		{6CCA816B-1AD2-449F-80BD-FA3352EBAF5A}.Release|Any CPU.Build.0 = Release|Any CPU
	EndGlobalSection
	GlobalSection(SolutionProperties) = preSolution
		HideSolutionNode = FALSE
	EndGlobalSection
	GlobalSection(ExtensibilityGlobals) = postSolution
		SolutionGuid = {7EB8925E-A583-4EB1-B7E5-B3E9E82044FA}
	EndGlobalSection
EndGlobal
